<?xml version="1.0" encoding="utf-8"?>
<Project ToolsVersion="4.0" xmlns="http://schemas.microsoft.com/developer/msbuild/2003">
  <ItemGroup>
    <Filter Include="Miku">
      <UniqueIdentifier>{9B15897C-874C-8A0D-3039-70101C4F060F}</UniqueIdentifier>
    </Filter>
    <Filter Include="Miku\Events">
      <UniqueIdentifier>{1F053126-8BBA-A91B-14AF-A3F28063A01F}</UniqueIdentifier>
    </Filter>
  </ItemGroup>
  <ItemGroup>
    <ClInclude Include="src\Miku.h" />
    <ClInclude Include="src\Miku\Application.h">
      <Filter>Miku</Filter>
    </ClInclude>
    <ClInclude Include="src\Miku\Core.h">
      <Filter>Miku</Filter>
    </ClInclude>
    <ClInclude Include="src\Miku\EntryPoint.h">
      <Filter>Miku</Filter>
    </ClInclude>
    <ClInclude Include="src\Miku\Events\ApplicationEvent.h">
      <Filter>Miku\Events</Filter>
    </ClInclude>
    <ClInclude Include="src\Miku\Events\Event.h">
      <Filter>Miku\Events</Filter>
    </ClInclude>
    <ClInclude Include="src\Miku\Events\KeyEvent.h">
      <Filter>Miku\Events</Filter>
    </ClInclude>
    <ClInclude Include="src\Miku\Events\MouseEvent.h">
      <Filter>Miku\Events</Filter>
    </ClInclude>
    <ClInclude Include="src\Miku\Log.h">
      <Filter>Miku</Filter>
    </ClInclude>
    <ClInclude Include="src\mikupch.h" />
  </ItemGroup>
  <ItemGroup>
    <ClCompile Include="src\Miku\Application.cpp">
      <Filter>Miku</Filter>
    </ClCompile>
    <ClCompile Include="src\Miku\Log.cpp">
      <Filter>Miku</Filter>
    </ClCompile>
    <ClCompile Include="src\mikupch.cpp" />
  </ItemGroup>
</Project>