<?xml version="1.0" encoding="utf-8"?>
<Project ToolsVersion="4.0" xmlns="http://schemas.microsoft.com/developer/msbuild/2003">
  <ItemGroup>
    <Filter Include="Miku">
      <UniqueIdentifier>{9B15897C-874C-8A0D-3039-70101C4F060F}</UniqueIdentifier>
    </Filter>
  </ItemGroup>
  <ItemGroup>
    <ClInclude Include="src\Miku.h" />
    <ClInclude Include="src\Miku\Application.h">
      <Filter>Miku</Filter>
    </ClInclude>
    <ClInclude Include="src\Miku\Core.h">
      <Filter>Miku</Filter>
    </ClInclude>
    <ClInclude Include="src\Miku\EntryPoint.h">
      <Filter>Miku</Filter>
    </ClInclude>
    <ClInclude Include="src\Miku\Log.h">
      <Filter>Miku</Filter>
    </ClInclude>
  </ItemGroup>
  <ItemGroup>
    <ClCompile Include="src\Miku\Application.cpp">
      <Filter>Miku</Filter>
    </ClCompile>
    <ClCompile Include="src\Miku\Log.cpp">
      <Filter>Miku</Filter>
    </ClCompile>
  </ItemGroup>
</Project>